
Microsoft Visual Studio Solution File, Format Version 12.00
# Visual Studio Version 17
VisualStudioVersion = 17.6.33815.320
MinimumVisualStudioVersion = 10.0.40219.1
Project("{FAE04EC0-301F-11D3-BF4B-00C04F79EFBC}") = "LoanCalculator", "LoanCalculator\LoanCalculator.csproj", "{0BD78260-6EA4-478C-99B8-5829ADB33937}"
EndProject
Global
	GlobalSection(SolutionConfigurationPlatforms) = preSolution
		Debug|Any CPU = Debug|Any CPU
		Release|Any CPU = Release|Any CPU
	EndGlobalSection
	GlobalSection(ProjectConfigurationPlatforms) = postSolution
		{0BD78260-6EA4-478C-99B8-5829ADB33937}.Debug|Any CPU.ActiveCfg = Debug|Any CPU
		{0BD78260-6EA4-478C-99B8-5829ADB33937}.Debug|Any CPU.Build.0 = Debug|Any CPU
		{0BD78260-6EA4-478C-99B8-5829ADB33937}.Release|Any CPU.ActiveCfg = Release|Any CPU
		{0BD78260-6EA4-478C-99B8-5829ADB33937}.Release|Any CPU.Build.0 = Release|Any CPU
	EndGlobalSection
	GlobalSection(SolutionProperties) = preSolution
		HideSolutionNode = FALSE
	EndGlobalSection
	GlobalSection(ExtensibilityGlobals) = postSolution
		SolutionGuid = {51E87426-C5C3-4F9A-ABF0-59FBD667C625}
	EndGlobalSection
EndGlobal
